
Microsoft Visual Studio Solution File, Format Version 12.00
# Visual Studio 15
VisualStudioVersion = 15.0.26730.3
MinimumVisualStudioVersion = 10.0.40219.1
Project("{2150E333-8FDC-42A3-9474-1A3956D46DE8}") = "0-Aprentation", "0-Aprentation", "{0FF84898-6BC0-4D99-B348-C2F682FA4F97}"
EndProject
Project("{2150E333-8FDC-42A3-9474-1A3956D46DE8}") = "2-Application", "2-Application", "{C768D6CF-BD52-4AB9-B533-F1D672737F78}"
EndProject
Project("{2150E333-8FDC-42A3-9474-1A3956D46DE8}") = "3-Domain", "3-Domain", "{991B7665-FD04-400A-A1F8-840C69D150F1}"
EndProject
Project("{2150E333-8FDC-42A3-9474-1A3956D46DE8}") = "4-Infrastructure", "4-Infrastructure", "{30A072B6-D841-44C6-AA47-047BCB83323A}"
EndProject
Project("{FAE04EC0-301F-11D3-BF4B-00C04F79EFBC}") = "Livraria.Infra", "Infra\Livraria.Infra.csproj", "{6F0F9C38-71D9-43A8-B26D-CCFCEDF8AF5E}"
EndProject
Project("{FAE04EC0-301F-11D3-BF4B-00C04F79EFBC}") = "Livraria.Domain", "Livraria.Domain\Livraria.Domain.csproj", "{897021E8-FE1A-4BC7-AF0A-E64AD6101135}"
EndProject
Project("{2150E333-8FDC-42A3-9474-1A3956D46DE8}") = "4.1-Infra.Data", "4.1-Infra.Data", "{6645B77C-4496-4F89-9D3E-ECA7602A6DDF}"
EndProject
Project("{FAE04EC0-301F-11D3-BF4B-00C04F79EFBC}") = "Livraria.Application", "Livraria.Application\Livraria.Application.csproj", "{1C50FAC0-BC84-4E6A-9F37-931854A4605F}"
EndProject
Project("{FAE04EC0-301F-11D3-BF4B-00C04F79EFBC}") = "Livraria.MVC", "Livraria.MVC\Livraria.MVC.csproj", "{FFD38E29-9170-48F0-809C-497E252112A0}"
EndProject
Project("{2150E333-8FDC-42A3-9474-1A3956D46DE8}") = "1-Servico", "1-Servico", "{CDDA9329-D16F-4755-8704-DEAC3A0AF68E}"
EndProject
Project("{FAE04EC0-301F-11D3-BF4B-00C04F79EFBC}") = "Livraria.Servico", "Livraria.Servico\Livraria.Servico.csproj", "{48F6F457-669C-4EDA-9E5D-A34B9530D2AF}"
EndProject
Global
	GlobalSection(SolutionConfigurationPlatforms) = preSolution
		Debug|Any CPU = Debug|Any CPU
		Release|Any CPU = Release|Any CPU
	EndGlobalSection
	GlobalSection(ProjectConfigurationPlatforms) = postSolution
		{6F0F9C38-71D9-43A8-B26D-CCFCEDF8AF5E}.Debug|Any CPU.ActiveCfg = Debug|Any CPU
		{6F0F9C38-71D9-43A8-B26D-CCFCEDF8AF5E}.Debug|Any CPU.Build.0 = Debug|Any CPU
		{6F0F9C38-71D9-43A8-B26D-CCFCEDF8AF5E}.Release|Any CPU.ActiveCfg = Release|Any CPU
		{6F0F9C38-71D9-43A8-B26D-CCFCEDF8AF5E}.Release|Any CPU.Build.0 = Release|Any CPU
		{897021E8-FE1A-4BC7-AF0A-E64AD6101135}.Debug|Any CPU.ActiveCfg = Debug|Any CPU
		{897021E8-FE1A-4BC7-AF0A-E64AD6101135}.Debug|Any CPU.Build.0 = Debug|Any CPU
		{897021E8-FE1A-4BC7-AF0A-E64AD6101135}.Release|Any CPU.ActiveCfg = Release|Any CPU
		{897021E8-FE1A-4BC7-AF0A-E64AD6101135}.Release|Any CPU.Build.0 = Release|Any CPU
		{1C50FAC0-BC84-4E6A-9F37-931854A4605F}.Debug|Any CPU.ActiveCfg = Debug|Any CPU
		{1C50FAC0-BC84-4E6A-9F37-931854A4605F}.Debug|Any CPU.Build.0 = Debug|Any CPU
		{1C50FAC0-BC84-4E6A-9F37-931854A4605F}.Release|Any CPU.ActiveCfg = Release|Any CPU
		{1C50FAC0-BC84-4E6A-9F37-931854A4605F}.Release|Any CPU.Build.0 = Release|Any CPU
		{FFD38E29-9170-48F0-809C-497E252112A0}.Debug|Any CPU.ActiveCfg = Debug|Any CPU
		{FFD38E29-9170-48F0-809C-497E252112A0}.Debug|Any CPU.Build.0 = Debug|Any CPU
		{FFD38E29-9170-48F0-809C-497E252112A0}.Release|Any CPU.ActiveCfg = Release|Any CPU
		{FFD38E29-9170-48F0-809C-497E252112A0}.Release|Any CPU.Build.0 = Release|Any CPU
		{48F6F457-669C-4EDA-9E5D-A34B9530D2AF}.Debug|Any CPU.ActiveCfg = Debug|Any CPU
		{48F6F457-669C-4EDA-9E5D-A34B9530D2AF}.Debug|Any CPU.Build.0 = Debug|Any CPU
		{48F6F457-669C-4EDA-9E5D-A34B9530D2AF}.Release|Any CPU.ActiveCfg = Release|Any CPU
		{48F6F457-669C-4EDA-9E5D-A34B9530D2AF}.Release|Any CPU.Build.0 = Release|Any CPU
	EndGlobalSection
	GlobalSection(SolutionProperties) = preSolution
		HideSolutionNode = FALSE
	EndGlobalSection
	GlobalSection(NestedProjects) = preSolution
		{6F0F9C38-71D9-43A8-B26D-CCFCEDF8AF5E} = {6645B77C-4496-4F89-9D3E-ECA7602A6DDF}
		{897021E8-FE1A-4BC7-AF0A-E64AD6101135} = {991B7665-FD04-400A-A1F8-840C69D150F1}
		{6645B77C-4496-4F89-9D3E-ECA7602A6DDF} = {30A072B6-D841-44C6-AA47-047BCB83323A}
		{1C50FAC0-BC84-4E6A-9F37-931854A4605F} = {C768D6CF-BD52-4AB9-B533-F1D672737F78}
		{FFD38E29-9170-48F0-809C-497E252112A0} = {0FF84898-6BC0-4D99-B348-C2F682FA4F97}
		{48F6F457-669C-4EDA-9E5D-A34B9530D2AF} = {CDDA9329-D16F-4755-8704-DEAC3A0AF68E}
	EndGlobalSection
	GlobalSection(ExtensibilityGlobals) = postSolution
		SolutionGuid = {FBB7DDEF-30B7-41C2-BD32-77F77AAF6063}
	EndGlobalSection
EndGlobal
